
Microsoft Visual Studio Solution File, Format Version 12.00
# Visual Studio 15
VisualStudioVersion = 15.0.27703.2000
MinimumVisualStudioVersion = 10.0.40219.1
Project("{FAE04EC0-301F-11D3-BF4B-00C04F79EFBC}") = "CVC.Web", "CVC\CVC.Web.csproj", "{92895BAF-86E2-4AD9-8755-164AB2AB7CF5}"
EndProject
Project("{FAE04EC0-301F-11D3-BF4B-00C04F79EFBC}") = "CVC.Data", "CVC.Data\CVC.Data.csproj", "{D998632A-B99D-43A2-A2FF-104F6B839FE6}"
EndProject
Project("{FAE04EC0-301F-11D3-BF4B-00C04F79EFBC}") = "CVC.PLC", "CVC.PLC\CVC.PLC.csproj", "{F2606432-13DB-4CC0-8E1C-84DE96CF8B7E}"
EndProject
Project("{FAE04EC0-301F-11D3-BF4B-00C04F79EFBC}") = "CVC.MDB", "CVC.MDB\CVC.MDB.csproj", "{C73C4183-1A4F-481E-82E0-F2159B47118C}"
EndProject
Project("{FAE04EC0-301F-11D3-BF4B-00C04F79EFBC}") = "CVC.AlarmWindowsService", "CVC.AlarmWindowsService\CVC.AlarmWindowsService.csproj", "{9E0ABAA0-02C1-418D-BC6C-708341BD40F6}"
EndProject
Project("{FAE04EC0-301F-11D3-BF4B-00C04F79EFBC}") = "CVC.ViewModels", "CVC.ViewModels\CVC.ViewModels.csproj", "{92E37145-A41D-4A63-B13B-F4000EB3338B}"
EndProject
Project("{FAE04EC0-301F-11D3-BF4B-00C04F79EFBC}") = "CVC.OpcUaClient", "CVC.OpcUaClient\CVC.OpcUaClient.csproj", "{107B29EB-50BD-433C-BF6B-DE5CC7FB8579}"
EndProject
Project("{FAE04EC0-301F-11D3-BF4B-00C04F79EFBC}") = "CVC.License", "CVC.License\CVC.License.csproj", "{353E8D2B-FF54-4A52-BD63-4055512D7441}"
EndProject
Project("{FAE04EC0-301F-11D3-BF4B-00C04F79EFBC}") = "CVC.SiemensS7Net", "CVC.SiemensS7Net\CVC.SiemensS7Net.csproj", "{49617D33-9EC1-458D-B989-828711F1DEDE}"
EndProject
Project("{FAE04EC0-301F-11D3-BF4B-00C04F79EFBC}") = "CVC.BusinessServices", "CVC.BusinessServices\CVC.BusinessServices.csproj", "{AC54F364-8C41-4341-9420-4753AFA585E6}"
EndProject
Global
	GlobalSection(SolutionConfigurationPlatforms) = preSolution
		Debug|Any CPU = Debug|Any CPU
		Debug|x64 = Debug|x64
		Debug|x86 = Debug|x86
		Release|Any CPU = Release|Any CPU
		Release|x64 = Release|x64
		Release|x86 = Release|x86
	EndGlobalSection
	GlobalSection(ProjectConfigurationPlatforms) = postSolution
		{92895BAF-86E2-4AD9-8755-164AB2AB7CF5}.Debug|Any CPU.ActiveCfg = Debug|Any CPU
		{92895BAF-86E2-4AD9-8755-164AB2AB7CF5}.Debug|Any CPU.Build.0 = Debug|Any CPU
		{92895BAF-86E2-4AD9-8755-164AB2AB7CF5}.Debug|x64.ActiveCfg = Debug|x64
		{92895BAF-86E2-4AD9-8755-164AB2AB7CF5}.Debug|x64.Build.0 = Debug|x64
		{92895BAF-86E2-4AD9-8755-164AB2AB7CF5}.Debug|x86.ActiveCfg = Debug|x86
		{92895BAF-86E2-4AD9-8755-164AB2AB7CF5}.Debug|x86.Build.0 = Debug|x86
		{92895BAF-86E2-4AD9-8755-164AB2AB7CF5}.Release|Any CPU.ActiveCfg = Release|Any CPU
		{92895BAF-86E2-4AD9-8755-164AB2AB7CF5}.Release|Any CPU.Build.0 = Release|Any CPU
		{92895BAF-86E2-4AD9-8755-164AB2AB7CF5}.Release|x64.ActiveCfg = Release|x64
		{92895BAF-86E2-4AD9-8755-164AB2AB7CF5}.Release|x64.Build.0 = Release|x64
		{92895BAF-86E2-4AD9-8755-164AB2AB7CF5}.Release|x86.ActiveCfg = Release|x86
		{92895BAF-86E2-4AD9-8755-164AB2AB7CF5}.Release|x86.Build.0 = Release|x86
		{D998632A-B99D-43A2-A2FF-104F6B839FE6}.Debug|Any CPU.ActiveCfg = Debug|Any CPU
		{D998632A-B99D-43A2-A2FF-104F6B839FE6}.Debug|Any CPU.Build.0 = Debug|Any CPU
		{D998632A-B99D-43A2-A2FF-104F6B839FE6}.Debug|x64.ActiveCfg = Debug|x64
		{D998632A-B99D-43A2-A2FF-104F6B839FE6}.Debug|x64.Build.0 = Debug|x64
		{D998632A-B99D-43A2-A2FF-104F6B839FE6}.Debug|x86.ActiveCfg = Debug|x86
		{D998632A-B99D-43A2-A2FF-104F6B839FE6}.Debug|x86.Build.0 = Debug|x86
		{D998632A-B99D-43A2-A2FF-104F6B839FE6}.Release|Any CPU.ActiveCfg = Release|Any CPU
		{D998632A-B99D-43A2-A2FF-104F6B839FE6}.Release|Any CPU.Build.0 = Release|Any CPU
		{D998632A-B99D-43A2-A2FF-104F6B839FE6}.Release|x64.ActiveCfg = Release|x64
		{D998632A-B99D-43A2-A2FF-104F6B839FE6}.Release|x64.Build.0 = Release|x64
		{D998632A-B99D-43A2-A2FF-104F6B839FE6}.Release|x86.ActiveCfg = Release|x86
		{D998632A-B99D-43A2-A2FF-104F6B839FE6}.Release|x86.Build.0 = Release|x86
		{F2606432-13DB-4CC0-8E1C-84DE96CF8B7E}.Debug|Any CPU.ActiveCfg = Debug|Any CPU
		{F2606432-13DB-4CC0-8E1C-84DE96CF8B7E}.Debug|Any CPU.Build.0 = Debug|Any CPU
		{F2606432-13DB-4CC0-8E1C-84DE96CF8B7E}.Debug|x64.ActiveCfg = Debug|x64
		{F2606432-13DB-4CC0-8E1C-84DE96CF8B7E}.Debug|x64.Build.0 = Debug|x64
		{F2606432-13DB-4CC0-8E1C-84DE96CF8B7E}.Debug|x86.ActiveCfg = Debug|x86
		{F2606432-13DB-4CC0-8E1C-84DE96CF8B7E}.Debug|x86.Build.0 = Debug|x86
		{F2606432-13DB-4CC0-8E1C-84DE96CF8B7E}.Release|Any CPU.ActiveCfg = Release|Any CPU
		{F2606432-13DB-4CC0-8E1C-84DE96CF8B7E}.Release|Any CPU.Build.0 = Release|Any CPU
		{F2606432-13DB-4CC0-8E1C-84DE96CF8B7E}.Release|x64.ActiveCfg = Release|x64
		{F2606432-13DB-4CC0-8E1C-84DE96CF8B7E}.Release|x64.Build.0 = Release|x64
		{F2606432-13DB-4CC0-8E1C-84DE96CF8B7E}.Release|x86.ActiveCfg = Release|x86
		{F2606432-13DB-4CC0-8E1C-84DE96CF8B7E}.Release|x86.Build.0 = Release|x86
		{C73C4183-1A4F-481E-82E0-F2159B47118C}.Debug|Any CPU.ActiveCfg = Debug|Any CPU
		{C73C4183-1A4F-481E-82E0-F2159B47118C}.Debug|Any CPU.Build.0 = Debug|Any CPU
		{C73C4183-1A4F-481E-82E0-F2159B47118C}.Debug|x64.ActiveCfg = Debug|x64
		{C73C4183-1A4F-481E-82E0-F2159B47118C}.Debug|x64.Build.0 = Debug|x64
		{C73C4183-1A4F-481E-82E0-F2159B47118C}.Debug|x86.ActiveCfg = Debug|x86
		{C73C4183-1A4F-481E-82E0-F2159B47118C}.Debug|x86.Build.0 = Debug|x86
		{C73C4183-1A4F-481E-82E0-F2159B47118C}.Release|Any CPU.ActiveCfg = Release|Any CPU
		{C73C4183-1A4F-481E-82E0-F2159B47118C}.Release|Any CPU.Build.0 = Release|Any CPU
		{C73C4183-1A4F-481E-82E0-F2159B47118C}.Release|x64.ActiveCfg = Release|x64
		{C73C4183-1A4F-481E-82E0-F2159B47118C}.Release|x64.Build.0 = Release|x64
		{C73C4183-1A4F-481E-82E0-F2159B47118C}.Release|x86.ActiveCfg = Release|x86
		{C73C4183-1A4F-481E-82E0-F2159B47118C}.Release|x86.Build.0 = Release|x86
		{9E0ABAA0-02C1-418D-BC6C-708341BD40F6}.Debug|Any CPU.ActiveCfg = Debug|Any CPU
		{9E0ABAA0-02C1-418D-BC6C-708341BD40F6}.Debug|Any CPU.Build.0 = Debug|Any CPU
		{9E0ABAA0-02C1-418D-BC6C-708341BD40F6}.Debug|x64.ActiveCfg = Debug|x64
		{9E0ABAA0-02C1-418D-BC6C-708341BD40F6}.Debug|x64.Build.0 = Debug|x64
		{9E0ABAA0-02C1-418D-BC6C-708341BD40F6}.Debug|x86.ActiveCfg = Debug|x86
		{9E0ABAA0-02C1-418D-BC6C-708341BD40F6}.Debug|x86.Build.0 = Debug|x86
		{9E0ABAA0-02C1-418D-BC6C-708341BD40F6}.Release|Any CPU.ActiveCfg = Release|Any CPU
		{9E0ABAA0-02C1-418D-BC6C-708341BD40F6}.Release|Any CPU.Build.0 = Release|Any CPU
		{9E0ABAA0-02C1-418D-BC6C-708341BD40F6}.Release|x64.ActiveCfg = Release|x64
		{9E0ABAA0-02C1-418D-BC6C-708341BD40F6}.Release|x64.Build.0 = Release|x64
		{9E0ABAA0-02C1-418D-BC6C-708341BD40F6}.Release|x86.ActiveCfg = Release|x86
		{9E0ABAA0-02C1-418D-BC6C-708341BD40F6}.Release|x86.Build.0 = Release|x86
		{92E37145-A41D-4A63-B13B-F4000EB3338B}.Debug|Any CPU.ActiveCfg = Debug|Any CPU
		{92E37145-A41D-4A63-B13B-F4000EB3338B}.Debug|Any CPU.Build.0 = Debug|Any CPU
		{92E37145-A41D-4A63-B13B-F4000EB3338B}.Debug|x64.ActiveCfg = Debug|x64
		{92E37145-A41D-4A63-B13B-F4000EB3338B}.Debug|x64.Build.0 = Debug|x64
		{92E37145-A41D-4A63-B13B-F4000EB3338B}.Debug|x86.ActiveCfg = Debug|x86
		{92E37145-A41D-4A63-B13B-F4000EB3338B}.Debug|x86.Build.0 = Debug|x86
		{92E37145-A41D-4A63-B13B-F4000EB3338B}.Release|Any CPU.ActiveCfg = Release|Any CPU
		{92E37145-A41D-4A63-B13B-F4000EB3338B}.Release|Any CPU.Build.0 = Release|Any CPU
		{92E37145-A41D-4A63-B13B-F4000EB3338B}.Release|x64.ActiveCfg = Release|x64
		{92E37145-A41D-4A63-B13B-F4000EB3338B}.Release|x64.Build.0 = Release|x64
		{92E37145-A41D-4A63-B13B-F4000EB3338B}.Release|x86.ActiveCfg = Release|x86
		{92E37145-A41D-4A63-B13B-F4000EB3338B}.Release|x86.Build.0 = Release|x86
		{107B29EB-50BD-433C-BF6B-DE5CC7FB8579}.Debug|Any CPU.ActiveCfg = Debug|Any CPU
		{107B29EB-50BD-433C-BF6B-DE5CC7FB8579}.Debug|Any CPU.Build.0 = Debug|Any CPU
		{107B29EB-50BD-433C-BF6B-DE5CC7FB8579}.Debug|x64.ActiveCfg = Debug|Any CPU
		{107B29EB-50BD-433C-BF6B-DE5CC7FB8579}.Debug|x64.Build.0 = Debug|Any CPU
		{107B29EB-50BD-433C-BF6B-DE5CC7FB8579}.Debug|x86.ActiveCfg = Debug|Any CPU
		{107B29EB-50BD-433C-BF6B-DE5CC7FB8579}.Debug|x86.Build.0 = Debug|Any CPU
		{107B29EB-50BD-433C-BF6B-DE5CC7FB8579}.Release|Any CPU.ActiveCfg = Release|Any CPU
		{107B29EB-50BD-433C-BF6B-DE5CC7FB8579}.Release|Any CPU.Build.0 = Release|Any CPU
		{107B29EB-50BD-433C-BF6B-DE5CC7FB8579}.Release|x64.ActiveCfg = Release|Any CPU
		{107B29EB-50BD-433C-BF6B-DE5CC7FB8579}.Release|x64.Build.0 = Release|Any CPU
		{107B29EB-50BD-433C-BF6B-DE5CC7FB8579}.Release|x86.ActiveCfg = Release|Any CPU
		{107B29EB-50BD-433C-BF6B-DE5CC7FB8579}.Release|x86.Build.0 = Release|Any CPU
		{353E8D2B-FF54-4A52-BD63-4055512D7441}.Debug|Any CPU.ActiveCfg = Debug|Any CPU
		{353E8D2B-FF54-4A52-BD63-4055512D7441}.Debug|Any CPU.Build.0 = Debug|Any CPU
		{353E8D2B-FF54-4A52-BD63-4055512D7441}.Debug|x64.ActiveCfg = Debug|Any CPU
		{353E8D2B-FF54-4A52-BD63-4055512D7441}.Debug|x64.Build.0 = Debug|Any CPU
		{353E8D2B-FF54-4A52-BD63-4055512D7441}.Debug|x86.ActiveCfg = Debug|Any CPU
		{353E8D2B-FF54-4A52-BD63-4055512D7441}.Debug|x86.Build.0 = Debug|Any CPU
		{353E8D2B-FF54-4A52-BD63-4055512D7441}.Release|Any CPU.ActiveCfg = Release|Any CPU
		{353E8D2B-FF54-4A52-BD63-4055512D7441}.Release|Any CPU.Build.0 = Release|Any CPU
		{353E8D2B-FF54-4A52-BD63-4055512D7441}.Release|x64.ActiveCfg = Release|Any CPU
		{353E8D2B-FF54-4A52-BD63-4055512D7441}.Release|x64.Build.0 = Release|Any CPU
		{353E8D2B-FF54-4A52-BD63-4055512D7441}.Release|x86.ActiveCfg = Release|Any CPU
		{353E8D2B-FF54-4A52-BD63-4055512D7441}.Release|x86.Build.0 = Release|Any CPU
		{49617D33-9EC1-458D-B989-828711F1DEDE}.Debug|Any CPU.ActiveCfg = Debug|Any CPU
		{49617D33-9EC1-458D-B989-828711F1DEDE}.Debug|Any CPU.Build.0 = Debug|Any CPU
		{49617D33-9EC1-458D-B989-828711F1DEDE}.Debug|x64.ActiveCfg = Debug|Any CPU
		{49617D33-9EC1-458D-B989-828711F1DEDE}.Debug|x64.Build.0 = Debug|Any CPU
		{49617D33-9EC1-458D-B989-828711F1DEDE}.Debug|x86.ActiveCfg = Debug|Any CPU
		{49617D33-9EC1-458D-B989-828711F1DEDE}.Debug|x86.Build.0 = Debug|Any CPU
		{49617D33-9EC1-458D-B989-828711F1DEDE}.Release|Any CPU.ActiveCfg = Release|Any CPU
		{49617D33-9EC1-458D-B989-828711F1DEDE}.Release|Any CPU.Build.0 = Release|Any CPU
		{49617D33-9EC1-458D-B989-828711F1DEDE}.Release|x64.ActiveCfg = Release|Any CPU
		{49617D33-9EC1-458D-B989-828711F1DEDE}.Release|x64.Build.0 = Release|Any CPU
		{49617D33-9EC1-458D-B989-828711F1DEDE}.Release|x86.ActiveCfg = Release|Any CPU
		{49617D33-9EC1-458D-B989-828711F1DEDE}.Release|x86.Build.0 = Release|Any CPU
		{AC54F364-8C41-4341-9420-4753AFA585E6}.Debug|Any CPU.ActiveCfg = Debug|Any CPU
		{AC54F364-8C41-4341-9420-4753AFA585E6}.Debug|Any CPU.Build.0 = Debug|Any CPU
		{AC54F364-8C41-4341-9420-4753AFA585E6}.Debug|x64.ActiveCfg = Debug|x64
		{AC54F364-8C41-4341-9420-4753AFA585E6}.Debug|x64.Build.0 = Debug|x64
		{AC54F364-8C41-4341-9420-4753AFA585E6}.Debug|x86.ActiveCfg = Debug|x86
		{AC54F364-8C41-4341-9420-4753AFA585E6}.Debug|x86.Build.0 = Debug|x86
		{AC54F364-8C41-4341-9420-4753AFA585E6}.Release|Any CPU.ActiveCfg = Release|Any CPU
		{AC54F364-8C41-4341-9420-4753AFA585E6}.Release|Any CPU.Build.0 = Release|Any CPU
		{AC54F364-8C41-4341-9420-4753AFA585E6}.Release|x64.ActiveCfg = Release|x64
		{AC54F364-8C41-4341-9420-4753AFA585E6}.Release|x64.Build.0 = Release|x64
		{AC54F364-8C41-4341-9420-4753AFA585E6}.Release|x86.ActiveCfg = Release|x86
		{AC54F364-8C41-4341-9420-4753AFA585E6}.Release|x86.Build.0 = Release|x86
	EndGlobalSection
	GlobalSection(SolutionProperties) = preSolution
		HideSolutionNode = FALSE
	EndGlobalSection
	GlobalSection(ExtensibilityGlobals) = postSolution
		EnterpriseLibraryConfigurationToolBinariesPathV6 = packages\EnterpriseLibrary.Common.6.0.1304.0\lib\NET45;packages\EnterpriseLibrary.Data.6.0.1304.0\lib\NET45
		SolutionGuid = {53E1CAD3-4FA4-4A9F-8DBA-82C38B732731}
	EndGlobalSection
	GlobalSection(Performance) = preSolution
		HasPerformanceSessions = true
	EndGlobalSection
EndGlobal
